
Microsoft Visual Studio Solution File, Format Version 12.00
# Visual Studio Version 17
VisualStudioVersion = 17.8.34316.72
MinimumVisualStudioVersion = 10.0.40219.1
Project("{9A19103F-16F7-4668-BE54-9A1E7A4F7556}") = "myhero_dotnet", "myhero_dotnet.csproj", "{450A4549-B0F2-4EF6-ABF8-BD4E32BC5F11}"
EndProject
Project("{9A19103F-16F7-4668-BE54-9A1E7A4F7556}") = "Util.Infrastructure", "..\Util.Infrastructure\Util.Infrastructure.csproj", "{8B3E32CA-4BAC-4575-9518-BA8679B73459}"
EndProject
Project("{FAE04EC0-301F-11D3-BF4B-00C04F79EFBC}") = "Shared.Featrues", "..\Shared.Featrues\Shared.Featrues.csproj", "{01D4EB6D-3105-407E-97E2-C07185C70CFF}"
	ProjectSection(ProjectDependencies) = postProject
		{8B3E32CA-4BAC-4575-9518-BA8679B73459} = {8B3E32CA-4BAC-4575-9518-BA8679B73459}
	EndProjectSection
EndProject
Global
	GlobalSection(SolutionConfigurationPlatforms) = preSolution
		Debug|Any CPU = Debug|Any CPU
		Release|Any CPU = Release|Any CPU
	EndGlobalSection
	GlobalSection(ProjectConfigurationPlatforms) = postSolution
		{450A4549-B0F2-4EF6-ABF8-BD4E32BC5F11}.Debug|Any CPU.ActiveCfg = Debug|Any CPU
		{450A4549-B0F2-4EF6-ABF8-BD4E32BC5F11}.Debug|Any CPU.Build.0 = Debug|Any CPU
		{450A4549-B0F2-4EF6-ABF8-BD4E32BC5F11}.Release|Any CPU.ActiveCfg = Release|Any CPU
		{450A4549-B0F2-4EF6-ABF8-BD4E32BC5F11}.Release|Any CPU.Build.0 = Release|Any CPU
		{8B3E32CA-4BAC-4575-9518-BA8679B73459}.Debug|Any CPU.ActiveCfg = Debug|Any CPU
		{8B3E32CA-4BAC-4575-9518-BA8679B73459}.Debug|Any CPU.Build.0 = Debug|Any CPU
		{8B3E32CA-4BAC-4575-9518-BA8679B73459}.Release|Any CPU.ActiveCfg = Release|Any CPU
		{8B3E32CA-4BAC-4575-9518-BA8679B73459}.Release|Any CPU.Build.0 = Release|Any CPU
		{01D4EB6D-3105-407E-97E2-C07185C70CFF}.Debug|Any CPU.ActiveCfg = Debug|Any CPU
		{01D4EB6D-3105-407E-97E2-C07185C70CFF}.Debug|Any CPU.Build.0 = Debug|Any CPU
		{01D4EB6D-3105-407E-97E2-C07185C70CFF}.Release|Any CPU.ActiveCfg = Release|Any CPU
		{01D4EB6D-3105-407E-97E2-C07185C70CFF}.Release|Any CPU.Build.0 = Release|Any CPU
	EndGlobalSection
	GlobalSection(SolutionProperties) = preSolution
		HideSolutionNode = FALSE
	EndGlobalSection
	GlobalSection(ExtensibilityGlobals) = postSolution
		SolutionGuid = {636F2654-DDCE-4F25-9F43-DEE963EB9D62}
	EndGlobalSection
EndGlobal
